{
  "version": 4,
  "terraform_version": "0.12.16",
  "serial": 89,
  "lineage": "9aa9bea6-bce6-0458-0a49-42dda2f00cc5",
  "outputs": {
    "euw1_sns_arn_map": {
      "value": {
        "health_monitoring_lambda": "arn:aws:sns:eu-west-1:103495720024:health_monitoring_lambda",
        "notify_dashboard_lambda": "arn:aws:sns:eu-west-1:103495720024:notify_dashboard_lambda",
        "notify_pagerduty_lambda": "arn:aws:sns:eu-west-1:103495720024:notify_pagerduty_lambda",
        "notify_slack_lambda": "arn:aws:sns:eu-west-1:103495720024:notify_slack_lambda"
      },
      "type": [
        "object",
        {
          "health_monitoring_lambda": "string",
          "notify_dashboard_lambda": "string",
          "notify_pagerduty_lambda": "string",
          "notify_slack_lambda": "string"
        }
      ]
    },
    "euw1_sns_arns": {
      "value": [
        "arn:aws:sns:eu-west-1:103495720024:health_monitoring_lambda",
        "arn:aws:sns:eu-west-1:103495720024:notify_slack_lambda",
        "arn:aws:sns:eu-west-1:103495720024:notify_pagerduty_lambda",
        "arn:aws:sns:eu-west-1:103495720024:notify_dashboard_lambda"
      ],
      "type": [
        "tuple",
        [
          "string",
          "string",
          "string",
          "string"
        ]
      ]
    },
    "euw2_sns_arn_map": {
      "value": {
        "health_monitoring_lambda": "arn:aws:sns:eu-west-2:103495720024:health_monitoring_lambda",
        "notify_dashboard_lambda": "arn:aws:sns:eu-west-2:103495720024:notify_dashboard_lambda",
        "notify_pagerduty_lambda": "arn:aws:sns:eu-west-2:103495720024:notify_pagerduty_lambda",
        "notify_slack_lambda": "arn:aws:sns:eu-west-2:103495720024:notify_slack_lambda"
      },
      "type": [
        "object",
        {
          "health_monitoring_lambda": "string",
          "notify_dashboard_lambda": "string",
          "notify_pagerduty_lambda": "string",
          "notify_slack_lambda": "string"
        }
      ]
    },
    "euw2_sns_arns": {
      "value": [
        "arn:aws:sns:eu-west-2:103495720024:health_monitoring_lambda",
        "arn:aws:sns:eu-west-2:103495720024:notify_slack_lambda",
        "arn:aws:sns:eu-west-2:103495720024:notify_pagerduty_lambda",
        "arn:aws:sns:eu-west-2:103495720024:notify_dashboard_lambda"
      ],
      "type": [
        "tuple",
        [
          "string",
          "string",
          "string",
          "string"
        ]
      ]
    }
  },
  "resources": [
    {
      "mode": "data",
      "type": "aws_iam_policy_document",
      "name": "health_monitor_assume_role",
      "provider": "provider.aws",
      "instances": [
        {
          "schema_version": 0,
          "attributes": {
            "id": "3693445097",
            "json": "{\n  \"Version\": \"2012-10-17\",\n  \"Statement\": [\n    {\n      \"Sid\": \"\",\n      \"Effect\": \"Allow\",\n      \"Action\": \"sts:AssumeRole\",\n      \"Principal\": {\n        \"Service\": \"lambda.amazonaws.com\"\n      }\n    }\n  ]\n}",
            "override_json": null,
            "policy_id": null,
            "source_json": null,
            "statement": [
              {
                "actions": [
                  "sts:AssumeRole"
                ],
                "condition": [],
                "effect": "Allow",
                "not_actions": [],
                "not_principals": [],
                "not_resources": [],
                "principals": [
                  {
                    "identifiers": [
                      "lambda.amazonaws.com"
                    ],
                    "type": "Service"
                  }
                ],
                "resources": [],
                "sid": ""
              }
            ],
            "version": "2012-10-17"
          }
        }
      ]
    },
    {
      "mode": "data",
      "type": "aws_iam_policy_document",
      "name": "health_monitor_policy_document",
      "provider": "provider.aws",
      "instances": [
        {
          "schema_version": 0,
          "attributes": {
            "id": "488148406",
            "json": "{\n  \"Version\": \"2012-10-17\",\n  \"Statement\": [\n    {\n      \"Sid\": \"\",\n      \"Effect\": \"Allow\",\n      \"Action\": \"sns:Publish\",\n      \"Resource\": \"*\"\n    }\n  ]\n}",
            "override_json": null,
            "policy_id": null,
            "source_json": null,
            "statement": [
              {
                "actions": [
                  "sns:Publish"
                ],
                "condition": [],
                "effect": "Allow",
                "not_actions": [],
                "not_principals": [],
                "not_resources": [],
                "principals": [],
                "resources": [
                  "*"
                ],
                "sid": ""
              }
            ],
            "version": "2012-10-17"
          }
        }
      ]
    },
    {
      "mode": "managed",
      "type": "aws_cloudwatch_metric_alarm",
      "name": "euw1_cloudwatch_sqs_approx_age",
      "each": "list",
      "provider": "provider.aws.eu-west-1",
      "instances": [
        {
          "index_key": 0,
          "schema_version": 1,
          "attributes": {
            "actions_enabled": true,
            "alarm_actions": [
              "arn:aws:sns:eu-west-1:103495720024:health_monitoring_lambda"
            ],
            "alarm_description": "Check that messages are being processed in a reasonable time frame.",
            "alarm_name": "csw-dan-failed-metric-queue_alarm",
            "arn": "arn:aws:cloudwatch:eu-west-1:103495720024:alarm:csw-dan-failed-metric-queue_alarm",
            "comparison_operator": "GreaterThanOrEqualToThreshold",
            "datapoints_to_alarm": 0,
            "dimensions": {
              "QueueName": "csw-dan-failed-metric-queue"
            },
            "evaluate_low_sample_count_percentiles": "",
            "evaluation_periods": 2,
            "extended_statistic": "",
            "id": "csw-dan-failed-metric-queue_alarm",
            "insufficient_data_actions": [],
            "metric_name": "ApproximateAgeOfOldestMessage",
            "metric_query": [],
            "namespace": "AWS/SQS",
            "ok_actions": [
              "arn:aws:sns:eu-west-1:103495720024:health_monitoring_lambda"
            ],
            "period": 300,
            "statistic": "Maximum",
            "tags": {},
            "threshold": 300,
            "treat_missing_data": "missing",
            "unit": ""
          },
          "private": "eyJzY2hlbWFfdmVyc2lvbiI6IjEifQ==",
          "dependencies": [
            "aws_sns_topic.euw1_sns_topics"
          ]
        },
        {
          "index_key": 1,
          "schema_version": 1,
          "attributes": {
            "actions_enabled": true,
            "alarm_actions": [
              "arn:aws:sns:eu-west-1:103495720024:health_monitoring_lambda"
            ],
            "alarm_description": "Check that messages are being processed in a reasonable time frame.",
            "alarm_name": "csw-concourse-audit-account-metric-queue_alarm",
            "arn": "arn:aws:cloudwatch:eu-west-1:103495720024:alarm:csw-concourse-audit-account-metric-queue_alarm",
            "comparison_operator": "GreaterThanOrEqualToThreshold",
            "datapoints_to_alarm": 0,
            "dimensions": {
              "QueueName": "csw-concourse-audit-account-metric-queue"
            },
            "evaluate_low_sample_count_percentiles": "",
            "evaluation_periods": 2,
            "extended_statistic": "",
            "id": "csw-concourse-audit-account-metric-queue_alarm",
            "insufficient_data_actions": [],
            "metric_name": "ApproximateAgeOfOldestMessage",
            "metric_query": [],
            "namespace": "AWS/SQS",
            "ok_actions": [
              "arn:aws:sns:eu-west-1:103495720024:health_monitoring_lambda"
            ],
            "period": 300,
            "statistic": "Maximum",
            "tags": {},
            "threshold": 300,
            "treat_missing_data": "missing",
            "unit": ""
          },
          "private": "eyJzY2hlbWFfdmVyc2lvbiI6IjEifQ==",
          "dependencies": [
            "aws_sns_topic.euw1_sns_topics"
          ]
        },
        {
          "index_key": 2,
          "schema_version": 1,
          "attributes": {
            "actions_enabled": true,
            "alarm_actions": [
              "arn:aws:sns:eu-west-1:103495720024:health_monitoring_lambda"
            ],
            "alarm_description": "Check that messages are being processed in a reasonable time frame.",
            "alarm_name": "csw-uat-failed-metric-queue_alarm",
            "arn": "arn:aws:cloudwatch:eu-west-1:103495720024:alarm:csw-uat-failed-metric-queue_alarm",
            "comparison_operator": "GreaterThanOrEqualToThreshold",
            "datapoints_to_alarm": 0,
            "dimensions": {
              "QueueName": "csw-uat-failed-metric-queue"
            },
            "evaluate_low_sample_count_percentiles": "",
            "evaluation_periods": 2,
            "extended_statistic": "",
            "id": "csw-uat-failed-metric-queue_alarm",
            "insufficient_data_actions": [],
            "metric_name": "ApproximateAgeOfOldestMessage",
            "metric_query": [],
            "namespace": "AWS/SQS",
            "ok_actions": [
              "arn:aws:sns:eu-west-1:103495720024:health_monitoring_lambda"
            ],
            "period": 300,
            "statistic": "Maximum",
            "tags": {},
            "threshold": 300,
            "treat_missing_data": "missing",
            "unit": ""
          },
          "private": "eyJzY2hlbWFfdmVyc2lvbiI6IjEifQ==",
          "dependencies": [
            "aws_sns_topic.euw1_sns_topics"
          ]
        },
        {
          "index_key": 3,
          "schema_version": 1,
          "attributes": {
            "actions_enabled": true,
            "alarm_actions": [
              "arn:aws:sns:eu-west-1:103495720024:health_monitoring_lambda"
            ],
            "alarm_description": "Check that messages are being processed in a reasonable time frame.",
            "alarm_name": "csw-concourse-evaluated-metric-queue_alarm",
            "arn": "arn:aws:cloudwatch:eu-west-1:103495720024:alarm:csw-concourse-evaluated-metric-queue_alarm",
            "comparison_operator": "GreaterThanOrEqualToThreshold",
            "datapoints_to_alarm": 0,
            "dimensions": {
              "QueueName": "csw-concourse-evaluated-metric-queue"
            },
            "evaluate_low_sample_count_percentiles": "",
            "evaluation_periods": 2,
            "extended_statistic": "",
            "id": "csw-concourse-evaluated-metric-queue_alarm",
            "insufficient_data_actions": [],
            "metric_name": "ApproximateAgeOfOldestMessage",
            "metric_query": [],
            "namespace": "AWS/SQS",
            "ok_actions": [
              "arn:aws:sns:eu-west-1:103495720024:health_monitoring_lambda"
            ],
            "period": 300,
            "statistic": "Maximum",
            "tags": {},
            "threshold": 300,
            "treat_missing_data": "missing",
            "unit": ""
          },
          "private": "eyJzY2hlbWFfdmVyc2lvbiI6IjEifQ==",
          "dependencies": [
            "aws_sns_topic.euw1_sns_topics"
          ]
        },
        {
          "index_key": 4,
          "schema_version": 1,
          "attributes": {
            "actions_enabled": true,
            "alarm_actions": [
              "arn:aws:sns:eu-west-1:103495720024:health_monitoring_lambda"
            ],
            "alarm_description": "Check that messages are being processed in a reasonable time frame.",
            "alarm_name": "csw-concourse-audit-account-queue_alarm",
            "arn": "arn:aws:cloudwatch:eu-west-1:103495720024:alarm:csw-concourse-audit-account-queue_alarm",
            "comparison_operator": "GreaterThanOrEqualToThreshold",
            "datapoints_to_alarm": 0,
            "dimensions": {
              "QueueName": "csw-concourse-audit-account-queue"
            },
            "evaluate_low_sample_count_percentiles": "",
            "evaluation_periods": 2,
            "extended_statistic": "",
            "id": "csw-concourse-audit-account-queue_alarm",
            "insufficient_data_actions": [],
            "metric_name": "ApproximateAgeOfOldestMessage",
            "metric_query": [],
            "namespace": "AWS/SQS",
            "ok_actions": [
              "arn:aws:sns:eu-west-1:103495720024:health_monitoring_lambda"
            ],
            "period": 300,
            "statistic": "Maximum",
            "tags": {},
            "threshold": 300,
            "treat_missing_data": "missing",
            "unit": ""
          },
          "private": "eyJzY2hlbWFfdmVyc2lvbiI6IjEifQ==",
          "dependencies": [
            "aws_sns_topic.euw1_sns_topics"
          ]
        },
        {
          "index_key": 5,
          "schema_version": 1,
          "attributes": {
            "actions_enabled": true,
            "alarm_actions": [
              "arn:aws:sns:eu-west-1:103495720024:health_monitoring_lambda"
            ],
            "alarm_description": "Check that messages are being processed in a reasonable time frame.",
            "alarm_name": "csw-dan-failed-audit-queue_alarm",
            "arn": "arn:aws:cloudwatch:eu-west-1:103495720024:alarm:csw-dan-failed-audit-queue_alarm",
            "comparison_operator": "GreaterThanOrEqualToThreshold",
            "datapoints_to_alarm": 0,
            "dimensions": {
              "QueueName": "csw-dan-failed-audit-queue"
            },
            "evaluate_low_sample_count_percentiles": "",
            "evaluation_periods": 2,
            "extended_statistic": "",
            "id": "csw-dan-failed-audit-queue_alarm",
            "insufficient_data_actions": [],
            "metric_name": "ApproximateAgeOfOldestMessage",
            "metric_query": [],
            "namespace": "AWS/SQS",
            "ok_actions": [
              "arn:aws:sns:eu-west-1:103495720024:health_monitoring_lambda"
            ],
            "period": 300,
            "statistic": "Maximum",
            "tags": {},
            "threshold": 300,
            "treat_missing_data": "missing",
            "unit": ""
          },
          "private": "eyJzY2hlbWFfdmVyc2lvbiI6IjEifQ==",
          "dependencies": [
            "aws_sns_topic.euw1_sns_topics"
          ]
        },
        {
          "index_key": 6,
          "schema_version": 1,
          "attributes": {
            "actions_enabled": true,
            "alarm_actions": [
              "arn:aws:sns:eu-west-1:103495720024:health_monitoring_lambda"
            ],
            "alarm_description": "Check that messages are being processed in a reasonable time frame.",
            "alarm_name": "csw-dan-audit-account-queue_alarm",
            "arn": "arn:aws:cloudwatch:eu-west-1:103495720024:alarm:csw-dan-audit-account-queue_alarm",
            "comparison_operator": "GreaterThanOrEqualToThreshold",
            "datapoints_to_alarm": 0,
            "dimensions": {
              "QueueName": "csw-dan-audit-account-queue"
            },
            "evaluate_low_sample_count_percentiles": "",
            "evaluation_periods": 2,
            "extended_statistic": "",
            "id": "csw-dan-audit-account-queue_alarm",
            "insufficient_data_actions": [],
            "metric_name": "ApproximateAgeOfOldestMessage",
            "metric_query": [],
            "namespace": "AWS/SQS",
            "ok_actions": [
              "arn:aws:sns:eu-west-1:103495720024:health_monitoring_lambda"
            ],
            "period": 300,
            "statistic": "Maximum",
            "tags": {},
            "threshold": 300,
            "treat_missing_data": "missing",
            "unit": ""
          },
          "private": "eyJzY2hlbWFfdmVyc2lvbiI6IjEifQ==",
          "dependencies": [
            "aws_sns_topic.euw1_sns_topics"
          ]
        },
        {
          "index_key": 7,
          "schema_version": 1,
          "attributes": {
            "actions_enabled": true,
            "alarm_actions": [
              "arn:aws:sns:eu-west-1:103495720024:health_monitoring_lambda"
            ],
            "alarm_description": "Check that messages are being processed in a reasonable time frame.",
            "alarm_name": "csw-uat-evaluated-metric-queue_alarm",
            "arn": "arn:aws:cloudwatch:eu-west-1:103495720024:alarm:csw-uat-evaluated-metric-queue_alarm",
            "comparison_operator": "GreaterThanOrEqualToThreshold",
            "datapoints_to_alarm": 0,
            "dimensions": {
              "QueueName": "csw-uat-evaluated-metric-queue"
            },
            "evaluate_low_sample_count_percentiles": "",
            "evaluation_periods": 2,
            "extended_statistic": "",
            "id": "csw-uat-evaluated-metric-queue_alarm",
            "insufficient_data_actions": [],
            "metric_name": "ApproximateAgeOfOldestMessage",
            "metric_query": [],
            "namespace": "AWS/SQS",
            "ok_actions": [
              "arn:aws:sns:eu-west-1:103495720024:health_monitoring_lambda"
            ],
            "period": 300,
            "statistic": "Maximum",
            "tags": {},
            "threshold": 300,
            "treat_missing_data": "missing",
            "unit": ""
          },
          "private": "eyJzY2hlbWFfdmVyc2lvbiI6IjEifQ==",
          "dependencies": [
            "aws_sns_topic.euw1_sns_topics"
          ]
        },
        {
          "index_key": 8,
          "schema_version": 1,
          "attributes": {
            "actions_enabled": true,
            "alarm_actions": [
              "arn:aws:sns:eu-west-1:103495720024:health_monitoring_lambda"
            ],
            "alarm_description": "Check that messages are being processed in a reasonable time frame.",
            "alarm_name": "csw-dan-completed-audit-queue_alarm",
            "arn": "arn:aws:cloudwatch:eu-west-1:103495720024:alarm:csw-dan-completed-audit-queue_alarm",
            "comparison_operator": "GreaterThanOrEqualToThreshold",
            "datapoints_to_alarm": 0,
            "dimensions": {
              "QueueName": "csw-dan-completed-audit-queue"
            },
            "evaluate_low_sample_count_percentiles": "",
            "evaluation_periods": 2,
            "extended_statistic": "",
            "id": "csw-dan-completed-audit-queue_alarm",
            "insufficient_data_actions": [],
            "metric_name": "ApproximateAgeOfOldestMessage",
            "metric_query": [],
            "namespace": "AWS/SQS",
            "ok_actions": [
              "arn:aws:sns:eu-west-1:103495720024:health_monitoring_lambda"
            ],
            "period": 300,
            "statistic": "Maximum",
            "tags": {},
            "threshold": 300,
            "treat_missing_data": "missing",
            "unit": ""
          },
          "private": "eyJzY2hlbWFfdmVyc2lvbiI6IjEifQ==",
          "dependencies": [
            "aws_sns_topic.euw1_sns_topics"
          ]
        },
        {
          "index_key": 9,
          "schema_version": 1,
          "attributes": {
            "actions_enabled": true,
            "alarm_actions": [
              "arn:aws:sns:eu-west-1:103495720024:health_monitoring_lambda"
            ],
            "alarm_description": "Check that messages are being processed in a reasonable time frame.",
            "alarm_name": "csw-uat-audit-account-metric-queue_alarm",
            "arn": "arn:aws:cloudwatch:eu-west-1:103495720024:alarm:csw-uat-audit-account-metric-queue_alarm",
            "comparison_operator": "GreaterThanOrEqualToThreshold",
            "datapoints_to_alarm": 0,
            "dimensions": {
              "QueueName": "csw-uat-audit-account-metric-queue"
            },
            "evaluate_low_sample_count_percentiles": "",
            "evaluation_periods": 2,
            "extended_statistic": "",
            "id": "csw-uat-audit-account-metric-queue_alarm",
            "insufficient_data_actions": [],
            "metric_name": "ApproximateAgeOfOldestMessage",
            "metric_query": [],
            "namespace": "AWS/SQS",
            "ok_actions": [
              "arn:aws:sns:eu-west-1:103495720024:health_monitoring_lambda"
            ],
            "period": 300,
            "statistic": "Maximum",
            "tags": {},
            "threshold": 300,
            "treat_missing_data": "missing",
            "unit": ""
          },
          "private": "eyJzY2hlbWFfdmVyc2lvbiI6IjEifQ==",
          "dependencies": [
            "aws_sns_topic.euw1_sns_topics"
          ]
        },
        {
          "index_key": 10,
          "schema_version": 1,
          "attributes": {
            "actions_enabled": true,
            "alarm_actions": [
              "arn:aws:sns:eu-west-1:103495720024:health_monitoring_lambda"
            ],
            "alarm_description": "Check that messages are being processed in a reasonable time frame.",
            "alarm_name": "csw-uat-audit-account-queue_alarm",
            "arn": "arn:aws:cloudwatch:eu-west-1:103495720024:alarm:csw-uat-audit-account-queue_alarm",
            "comparison_operator": "GreaterThanOrEqualToThreshold",
            "datapoints_to_alarm": 0,
            "dimensions": {
              "QueueName": "csw-uat-audit-account-queue"
            },
            "evaluate_low_sample_count_percentiles": "",
            "evaluation_periods": 2,
            "extended_statistic": "",
            "id": "csw-uat-audit-account-queue_alarm",
            "insufficient_data_actions": [],
            "metric_name": "ApproximateAgeOfOldestMessage",
            "metric_query": [],
            "namespace": "AWS/SQS",
            "ok_actions": [
              "arn:aws:sns:eu-west-1:103495720024:health_monitoring_lambda"
            ],
            "period": 300,
            "statistic": "Maximum",
            "tags": {},
            "threshold": 300,
            "treat_missing_data": "missing",
            "unit": ""
          },
          "private": "eyJzY2hlbWFfdmVyc2lvbiI6IjEifQ==",
          "dependencies": [
            "aws_sns_topic.euw1_sns_topics"
          ]
        },
        {
          "index_key": 11,
          "schema_version": 1,
          "attributes": {
            "actions_enabled": true,
            "alarm_actions": [
              "arn:aws:sns:eu-west-1:103495720024:health_monitoring_lambda"
            ],
            "alarm_description": "Check that messages are being processed in a reasonable time frame.",
            "alarm_name": "csw-uat-completed-audit-queue_alarm",
            "arn": "arn:aws:cloudwatch:eu-west-1:103495720024:alarm:csw-uat-completed-audit-queue_alarm",
            "comparison_operator": "GreaterThanOrEqualToThreshold",
            "datapoints_to_alarm": 0,
            "dimensions": {
              "QueueName": "csw-uat-completed-audit-queue"
            },
            "evaluate_low_sample_count_percentiles": "",
            "evaluation_periods": 2,
            "extended_statistic": "",
            "id": "csw-uat-completed-audit-queue_alarm",
            "insufficient_data_actions": [],
            "metric_name": "ApproximateAgeOfOldestMessage",
            "metric_query": [],
            "namespace": "AWS/SQS",
            "ok_actions": [
              "arn:aws:sns:eu-west-1:103495720024:health_monitoring_lambda"
            ],
            "period": 300,
            "statistic": "Maximum",
            "tags": {},
            "threshold": 300,
            "treat_missing_data": "missing",
            "unit": ""
          },
          "private": "eyJzY2hlbWFfdmVyc2lvbiI6IjEifQ==",
          "dependencies": [
            "aws_sns_topic.euw1_sns_topics"
          ]
        },
        {
          "index_key": 12,
          "schema_version": 1,
          "attributes": {
            "actions_enabled": true,
            "alarm_actions": [
              "arn:aws:sns:eu-west-1:103495720024:health_monitoring_lambda"
            ],
            "alarm_description": "Check that messages are being processed in a reasonable time frame.",
            "alarm_name": "csw-concourse-failed-metric-queue_alarm",
            "arn": "arn:aws:cloudwatch:eu-west-1:103495720024:alarm:csw-concourse-failed-metric-queue_alarm",
            "comparison_operator": "GreaterThanOrEqualToThreshold",
            "datapoints_to_alarm": 0,
            "dimensions": {
              "QueueName": "csw-concourse-failed-metric-queue"
            },
            "evaluate_low_sample_count_percentiles": "",
            "evaluation_periods": 2,
            "extended_statistic": "",
            "id": "csw-concourse-failed-metric-queue_alarm",
            "insufficient_data_actions": [],
            "metric_name": "ApproximateAgeOfOldestMessage",
            "metric_query": [],
            "namespace": "AWS/SQS",
            "ok_actions": [
              "arn:aws:sns:eu-west-1:103495720024:health_monitoring_lambda"
            ],
            "period": 300,
            "statistic": "Maximum",
            "tags": {},
            "threshold": 300,
            "treat_missing_data": "missing",
            "unit": ""
          },
          "private": "eyJzY2hlbWFfdmVyc2lvbiI6IjEifQ==",
          "dependencies": [
            "aws_sns_topic.euw1_sns_topics"
          ]
        },
        {
          "index_key": 13,
          "schema_version": 1,
          "attributes": {
            "actions_enabled": true,
            "alarm_actions": [
              "arn:aws:sns:eu-west-1:103495720024:health_monitoring_lambda"
            ],
            "alarm_description": "Check that messages are being processed in a reasonable time frame.",
            "alarm_name": "csw-concourse-completed-audit-queue_alarm",
            "arn": "arn:aws:cloudwatch:eu-west-1:103495720024:alarm:csw-concourse-completed-audit-queue_alarm",
            "comparison_operator": "GreaterThanOrEqualToThreshold",
            "datapoints_to_alarm": 0,
            "dimensions": {
              "QueueName": "csw-concourse-completed-audit-queue"
            },
            "evaluate_low_sample_count_percentiles": "",
            "evaluation_periods": 2,
            "extended_statistic": "",
            "id": "csw-concourse-completed-audit-queue_alarm",
            "insufficient_data_actions": [],
            "metric_name": "ApproximateAgeOfOldestMessage",
            "metric_query": [],
            "namespace": "AWS/SQS",
            "ok_actions": [
              "arn:aws:sns:eu-west-1:103495720024:health_monitoring_lambda"
            ],
            "period": 300,
            "statistic": "Maximum",
            "tags": {},
            "threshold": 300,
            "treat_missing_data": "missing",
            "unit": ""
          },
          "private": "eyJzY2hlbWFfdmVyc2lvbiI6IjEifQ==",
          "dependencies": [
            "aws_sns_topic.euw1_sns_topics"
          ]
        },
        {
          "index_key": 14,
          "schema_version": 1,
          "attributes": {
            "actions_enabled": true,
            "alarm_actions": [
              "arn:aws:sns:eu-west-1:103495720024:health_monitoring_lambda"
            ],
            "alarm_description": "Check that messages are being processed in a reasonable time frame.",
            "alarm_name": "csw-concourse-failed-audit-queue_alarm",
            "arn": "arn:aws:cloudwatch:eu-west-1:103495720024:alarm:csw-concourse-failed-audit-queue_alarm",
            "comparison_operator": "GreaterThanOrEqualToThreshold",
            "datapoints_to_alarm": 0,
            "dimensions": {
              "QueueName": "csw-concourse-failed-audit-queue"
            },
            "evaluate_low_sample_count_percentiles": "",
            "evaluation_periods": 2,
            "extended_statistic": "",
            "id": "csw-concourse-failed-audit-queue_alarm",
            "insufficient_data_actions": [],
            "metric_name": "ApproximateAgeOfOldestMessage",
            "metric_query": [],
            "namespace": "AWS/SQS",
            "ok_actions": [
              "arn:aws:sns:eu-west-1:103495720024:health_monitoring_lambda"
            ],
            "period": 300,
            "statistic": "Maximum",
            "tags": {},
            "threshold": 300,
            "treat_missing_data": "missing",
            "unit": ""
          },
          "private": "eyJzY2hlbWFfdmVyc2lvbiI6IjEifQ==",
          "dependencies": [
            "aws_sns_topic.euw1_sns_topics"
          ]
        },
        {
          "index_key": 15,
          "schema_version": 1,
          "attributes": {
            "actions_enabled": true,
            "alarm_actions": [
              "arn:aws:sns:eu-west-1:103495720024:health_monitoring_lambda"
            ],
            "alarm_description": "Check that messages are being processed in a reasonable time frame.",
            "alarm_name": "csw-uat-failed-audit-queue_alarm",
            "arn": "arn:aws:cloudwatch:eu-west-1:103495720024:alarm:csw-uat-failed-audit-queue_alarm",
            "comparison_operator": "GreaterThanOrEqualToThreshold",
            "datapoints_to_alarm": 0,
            "dimensions": {
              "QueueName": "csw-uat-failed-audit-queue"
            },
            "evaluate_low_sample_count_percentiles": "",
            "evaluation_periods": 2,
            "extended_statistic": "",
            "id": "csw-uat-failed-audit-queue_alarm",
            "insufficient_data_actions": [],
            "metric_name": "ApproximateAgeOfOldestMessage",
            "metric_query": [],
            "namespace": "AWS/SQS",
            "ok_actions": [
              "arn:aws:sns:eu-west-1:103495720024:health_monitoring_lambda"
            ],
            "period": 300,
            "statistic": "Maximum",
            "tags": {},
            "threshold": 300,
            "treat_missing_data": "missing",
            "unit": ""
          },
          "private": "eyJzY2hlbWFfdmVyc2lvbiI6IjEifQ==",
          "dependencies": [
            "aws_sns_topic.euw1_sns_topics"
          ]
        },
        {
          "index_key": 16,
          "schema_version": 1,
          "attributes": {
            "actions_enabled": true,
            "alarm_actions": [
              "arn:aws:sns:eu-west-1:103495720024:health_monitoring_lambda"
            ],
            "alarm_description": "Check that messages are being processed in a reasonable time frame.",
            "alarm_name": "csw-dan-audit-account-metric-queue_alarm",
            "arn": "arn:aws:cloudwatch:eu-west-1:103495720024:alarm:csw-dan-audit-account-metric-queue_alarm",
            "comparison_operator": "GreaterThanOrEqualToThreshold",
            "datapoints_to_alarm": 0,
            "dimensions": {
              "QueueName": "csw-dan-audit-account-metric-queue"
            },
            "evaluate_low_sample_count_percentiles": "",
            "evaluation_periods": 2,
            "extended_statistic": "",
            "id": "csw-dan-audit-account-metric-queue_alarm",
            "insufficient_data_actions": [],
            "metric_name": "ApproximateAgeOfOldestMessage",
            "metric_query": [],
            "namespace": "AWS/SQS",
            "ok_actions": [
              "arn:aws:sns:eu-west-1:103495720024:health_monitoring_lambda"
            ],
            "period": 300,
            "statistic": "Maximum",
            "tags": {},
            "threshold": 300,
            "treat_missing_data": "missing",
            "unit": ""
          },
          "private": "eyJzY2hlbWFfdmVyc2lvbiI6IjEifQ==",
          "dependencies": [
            "aws_sns_topic.euw1_sns_topics"
          ]
        },
        {
          "index_key": 17,
          "schema_version": 1,
          "attributes": {
            "actions_enabled": true,
            "alarm_actions": [
              "arn:aws:sns:eu-west-1:103495720024:health_monitoring_lambda"
            ],
            "alarm_description": "Check that messages are being processed in a reasonable time frame.",
            "alarm_name": "csw-dan-evaluated-metric-queue_alarm",
            "arn": "arn:aws:cloudwatch:eu-west-1:103495720024:alarm:csw-dan-evaluated-metric-queue_alarm",
            "comparison_operator": "GreaterThanOrEqualToThreshold",
            "datapoints_to_alarm": 0,
            "dimensions": {
              "QueueName": "csw-dan-evaluated-metric-queue"
            },
            "evaluate_low_sample_count_percentiles": "",
            "evaluation_periods": 2,
            "extended_statistic": "",
            "id": "csw-dan-evaluated-metric-queue_alarm",
            "insufficient_data_actions": [],
            "metric_name": "ApproximateAgeOfOldestMessage",
            "metric_query": [],
            "namespace": "AWS/SQS",
            "ok_actions": [
              "arn:aws:sns:eu-west-1:103495720024:health_monitoring_lambda"
            ],
            "period": 300,
            "statistic": "Maximum",
            "tags": {},
            "threshold": 300,
            "treat_missing_data": "missing",
            "unit": ""
          },
          "private": "eyJzY2hlbWFfdmVyc2lvbiI6IjEifQ==",
          "dependencies": [
            "aws_sns_topic.euw1_sns_topics"
          ]
        }
      ]
    },
    {
      "mode": "managed",
      "type": "aws_cloudwatch_metric_alarm",
      "name": "euw2_cloudwatch_sqs_approx_age",
      "each": "list",
      "provider": "provider.aws.eu-west-2",
      "instances": [
        {
          "index_key": 0,
          "schema_version": 1,
          "attributes": {
            "actions_enabled": true,
            "alarm_actions": [
              "arn:aws:sns:eu-west-2:103495720024:health_monitoring_lambda"
            ],
            "alarm_description": "Check that messages are being processed in a reasonable time frame.",
            "alarm_name": "alert-controller-queue_alarm",
            "arn": "arn:aws:cloudwatch:eu-west-2:103495720024:alarm:alert-controller-queue_alarm",
            "comparison_operator": "GreaterThanOrEqualToThreshold",
            "datapoints_to_alarm": 0,
            "dimensions": {
              "QueueName": "alert-controller-queue"
            },
            "evaluate_low_sample_count_percentiles": "",
            "evaluation_periods": 2,
            "extended_statistic": "",
            "id": "alert-controller-queue_alarm",
            "insufficient_data_actions": [],
            "metric_name": "ApproximateAgeOfOldestMessage",
            "metric_query": [],
            "namespace": "AWS/SQS",
            "ok_actions": [
              "arn:aws:sns:eu-west-2:103495720024:health_monitoring_lambda"
            ],
            "period": 300,
            "statistic": "Maximum",
            "tags": {},
            "threshold": 345600,
            "treat_missing_data": "missing",
            "unit": ""
          },
          "private": "eyJzY2hlbWFfdmVyc2lvbiI6IjEifQ==",
          "dependencies": [
            "aws_iam_role.health_monitor_role",
            "aws_lambda_function.health_monitor_lambda"
          ]
        }
      ]
    },
    {
      "mode": "managed",
      "type": "aws_iam_policy",
      "name": "health_monitor_policy",
      "provider": "provider.aws",
      "instances": [
        {
          "schema_version": 0,
          "attributes": {
            "arn": "arn:aws:iam::103495720024:policy/HealthMonitorPolicy",
            "description": "",
            "id": "arn:aws:iam::103495720024:policy/HealthMonitorPolicy",
            "name": "HealthMonitorPolicy",
            "name_prefix": null,
            "path": "/",
            "policy": "{\n  \"Version\": \"2012-10-17\",\n  \"Statement\": [\n    {\n      \"Sid\": \"\",\n      \"Effect\": \"Allow\",\n      \"Action\": \"sns:Publish\",\n      \"Resource\": \"*\"\n    }\n  ]\n}"
          },
          "private": "bnVsbA=="
        }
      ]
    },
    {
      "mode": "managed",
      "type": "aws_iam_role",
      "name": "health_monitor_role",
      "provider": "provider.aws",
      "instances": [
        {
          "schema_version": 0,
          "attributes": {
            "arn": "arn:aws:iam::103495720024:role/health_monitor_role",
            "assume_role_policy": "{\"Version\":\"2012-10-17\",\"Statement\":[{\"Sid\":\"\",\"Effect\":\"Allow\",\"Principal\":{\"Service\":\"lambda.amazonaws.com\"},\"Action\":\"sts:AssumeRole\"}]}",
            "create_date": "2019-11-27T16:17:36Z",
            "description": "",
            "force_detach_policies": false,
            "id": "health_monitor_role",
            "max_session_duration": 3600,
            "name": "health_monitor_role",
            "name_prefix": null,
            "path": "/",
            "permissions_boundary": null,
            "tags": {},
            "unique_id": "AROARQGGTLRMEURKO7L5I"
          },
          "private": "bnVsbA=="
        }
      ]
    },
    {
      "mode": "managed",
      "type": "aws_iam_role_policy_attachment",
      "name": "health_monitor_canned_policy_attachment",
      "provider": "provider.aws",
      "instances": [
        {
          "schema_version": 0,
          "attributes": {
            "id": "health_monitor_role-20191127161737502800000001",
            "policy_arn": "arn:aws:iam::aws:policy/service-role/AWSLambdaBasicExecutionRole",
            "role": "health_monitor_role"
          },
          "private": "bnVsbA==",
          "dependencies": [
            "aws_iam_role.health_monitor_role"
          ]
        }
      ]
    },
    {
      "mode": "managed",
      "type": "aws_iam_role_policy_attachment",
      "name": "health_monitor_policy_attachment",
      "provider": "provider.aws",
      "instances": [
        {
          "schema_version": 0,
          "attributes": {
            "id": "health_monitor_role-20191127161917074200000001",
            "policy_arn": "arn:aws:iam::103495720024:policy/HealthMonitorPolicy",
            "role": "health_monitor_role"
          },
          "private": "bnVsbA==",
          "dependencies": [
            "aws_iam_policy.health_monitor_policy",
            "aws_iam_role.health_monitor_role"
          ]
        }
      ]
    },
    {
      "mode": "managed",
      "type": "aws_lambda_function",
      "name": "health_monitor_lambda",
      "provider": "provider.aws",
      "instances": [
        {
          "schema_version": 0,
          "attributes": {
            "arn": "arn:aws:lambda:eu-west-2:103495720024:function:health_monitor_lambda",
            "dead_letter_config": [],
            "description": "",
            "environment": [],
            "filename": "../../lambda/health_monitor/health_monitor_lambda.zip",
            "function_name": "health_monitor_lambda",
            "handler": "health_monitor.lambda_handler",
            "id": "health_monitor_lambda",
            "invoke_arn": "arn:aws:apigateway:eu-west-2:lambda:path/2015-03-31/functions/arn:aws:lambda:eu-west-2:103495720024:function:health_monitor_lambda/invocations",
            "kms_key_arn": "",
            "last_modified": "2019-11-27T16:17:48.156+0000",
            "layers": [],
            "memory_size": 128,
            "publish": false,
            "qualified_arn": "arn:aws:lambda:eu-west-2:103495720024:function:health_monitor_lambda:$LATEST",
            "reserved_concurrent_executions": -1,
            "role": "arn:aws:iam::103495720024:role/health_monitor_role",
            "runtime": "python3.7",
            "s3_bucket": null,
            "s3_key": null,
            "s3_object_version": null,
            "source_code_hash": "d0J8M+GY5fzIxlEHhW4nzoseQa6Pb7tJYUxyH1ce5WA=",
            "source_code_size": 7991072,
            "tags": {},
            "timeout": 60,
            "timeouts": null,
            "tracing_config": [
              {
                "mode": "PassThrough"
              }
            ],
            "version": "$LATEST",
            "vpc_config": []
          },
          "private": "eyJlMmJmYjczMC1lY2FhLTExZTYtOGY4OC0zNDM2M2JjN2M0YzAiOnsiY3JlYXRlIjo2MDAwMDAwMDAwMDB9fQ==",
          "dependencies": [
            "aws_iam_role.health_monitor_role"
          ]
        }
      ]
    },
    {
      "mode": "managed",
      "type": "aws_sns_topic",
      "name": "euw1_sns_topics",
      "each": "list",
      "provider": "provider.aws.eu-west-1",
      "instances": [
        {
          "index_key": 0,
          "schema_version": 0,
          "attributes": {
            "application_failure_feedback_role_arn": "",
            "application_success_feedback_role_arn": "",
            "application_success_feedback_sample_rate": 0,
            "arn": "arn:aws:sns:eu-west-1:103495720024:health_monitoring_lambda",
            "delivery_policy": "",
            "display_name": "",
            "http_failure_feedback_role_arn": "",
            "http_success_feedback_role_arn": "",
            "http_success_feedback_sample_rate": 0,
            "id": "arn:aws:sns:eu-west-1:103495720024:health_monitoring_lambda",
            "kms_master_key_id": "",
            "lambda_failure_feedback_role_arn": "",
            "lambda_success_feedback_role_arn": "",
            "lambda_success_feedback_sample_rate": 0,
            "name": "health_monitoring_lambda",
            "name_prefix": null,
            "policy": "{\"Version\":\"2008-10-17\",\"Id\":\"__default_policy_ID\",\"Statement\":[{\"Sid\":\"__default_statement_ID\",\"Effect\":\"Allow\",\"Principal\":{\"AWS\":\"*\"},\"Action\":[\"SNS:GetTopicAttributes\",\"SNS:SetTopicAttributes\",\"SNS:AddPermission\",\"SNS:RemovePermission\",\"SNS:DeleteTopic\",\"SNS:Subscribe\",\"SNS:ListSubscriptionsByTopic\",\"SNS:Publish\",\"SNS:Receive\"],\"Resource\":\"arn:aws:sns:eu-west-1:103495720024:health_monitoring_lambda\",\"Condition\":{\"StringEquals\":{\"AWS:SourceOwner\":\"103495720024\"}}}]}",
            "sqs_failure_feedback_role_arn": "",
            "sqs_success_feedback_role_arn": "",
            "sqs_success_feedback_sample_rate": 0,
            "tags": {}
          },
          "private": "bnVsbA=="
        },
        {
          "index_key": 1,
          "schema_version": 0,
          "attributes": {
            "application_failure_feedback_role_arn": "",
            "application_success_feedback_role_arn": "",
            "application_success_feedback_sample_rate": 0,
            "arn": "arn:aws:sns:eu-west-1:103495720024:notify_slack_lambda",
            "delivery_policy": "",
            "display_name": "",
            "http_failure_feedback_role_arn": "",
            "http_success_feedback_role_arn": "",
            "http_success_feedback_sample_rate": 0,
            "id": "arn:aws:sns:eu-west-1:103495720024:notify_slack_lambda",
            "kms_master_key_id": "",
            "lambda_failure_feedback_role_arn": "",
            "lambda_success_feedback_role_arn": "",
            "lambda_success_feedback_sample_rate": 0,
            "name": "notify_slack_lambda",
            "name_prefix": null,
            "policy": "{\"Version\":\"2008-10-17\",\"Id\":\"__default_policy_ID\",\"Statement\":[{\"Sid\":\"__default_statement_ID\",\"Effect\":\"Allow\",\"Principal\":{\"AWS\":\"*\"},\"Action\":[\"SNS:GetTopicAttributes\",\"SNS:SetTopicAttributes\",\"SNS:AddPermission\",\"SNS:RemovePermission\",\"SNS:DeleteTopic\",\"SNS:Subscribe\",\"SNS:ListSubscriptionsByTopic\",\"SNS:Publish\",\"SNS:Receive\"],\"Resource\":\"arn:aws:sns:eu-west-1:103495720024:notify_slack_lambda\",\"Condition\":{\"StringEquals\":{\"AWS:SourceOwner\":\"103495720024\"}}}]}",
            "sqs_failure_feedback_role_arn": "",
            "sqs_success_feedback_role_arn": "",
            "sqs_success_feedback_sample_rate": 0,
            "tags": {}
          },
          "private": "bnVsbA=="
        },
        {
          "index_key": 2,
          "schema_version": 0,
          "attributes": {
            "application_failure_feedback_role_arn": "",
            "application_success_feedback_role_arn": "",
            "application_success_feedback_sample_rate": 0,
            "arn": "arn:aws:sns:eu-west-1:103495720024:notify_pagerduty_lambda",
            "delivery_policy": "",
            "display_name": "",
            "http_failure_feedback_role_arn": "",
            "http_success_feedback_role_arn": "",
            "http_success_feedback_sample_rate": 0,
            "id": "arn:aws:sns:eu-west-1:103495720024:notify_pagerduty_lambda",
            "kms_master_key_id": "",
            "lambda_failure_feedback_role_arn": "",
            "lambda_success_feedback_role_arn": "",
            "lambda_success_feedback_sample_rate": 0,
            "name": "notify_pagerduty_lambda",
            "name_prefix": null,
            "policy": "{\"Version\":\"2008-10-17\",\"Id\":\"__default_policy_ID\",\"Statement\":[{\"Sid\":\"__default_statement_ID\",\"Effect\":\"Allow\",\"Principal\":{\"AWS\":\"*\"},\"Action\":[\"SNS:GetTopicAttributes\",\"SNS:SetTopicAttributes\",\"SNS:AddPermission\",\"SNS:RemovePermission\",\"SNS:DeleteTopic\",\"SNS:Subscribe\",\"SNS:ListSubscriptionsByTopic\",\"SNS:Publish\",\"SNS:Receive\"],\"Resource\":\"arn:aws:sns:eu-west-1:103495720024:notify_pagerduty_lambda\",\"Condition\":{\"StringEquals\":{\"AWS:SourceOwner\":\"103495720024\"}}}]}",
            "sqs_failure_feedback_role_arn": "",
            "sqs_success_feedback_role_arn": "",
            "sqs_success_feedback_sample_rate": 0,
            "tags": {}
          },
          "private": "bnVsbA=="
        },
        {
          "index_key": 3,
          "schema_version": 0,
          "attributes": {
            "application_failure_feedback_role_arn": "",
            "application_success_feedback_role_arn": "",
            "application_success_feedback_sample_rate": 0,
            "arn": "arn:aws:sns:eu-west-1:103495720024:notify_dashboard_lambda",
            "delivery_policy": "",
            "display_name": "",
            "http_failure_feedback_role_arn": "",
            "http_success_feedback_role_arn": "",
            "http_success_feedback_sample_rate": 0,
            "id": "arn:aws:sns:eu-west-1:103495720024:notify_dashboard_lambda",
            "kms_master_key_id": "",
            "lambda_failure_feedback_role_arn": "",
            "lambda_success_feedback_role_arn": "",
            "lambda_success_feedback_sample_rate": 0,
            "name": "notify_dashboard_lambda",
            "name_prefix": null,
            "policy": "{\"Version\":\"2008-10-17\",\"Id\":\"__default_policy_ID\",\"Statement\":[{\"Sid\":\"__default_statement_ID\",\"Effect\":\"Allow\",\"Principal\":{\"AWS\":\"*\"},\"Action\":[\"SNS:GetTopicAttributes\",\"SNS:SetTopicAttributes\",\"SNS:AddPermission\",\"SNS:RemovePermission\",\"SNS:DeleteTopic\",\"SNS:Subscribe\",\"SNS:ListSubscriptionsByTopic\",\"SNS:Publish\",\"SNS:Receive\"],\"Resource\":\"arn:aws:sns:eu-west-1:103495720024:notify_dashboard_lambda\",\"Condition\":{\"StringEquals\":{\"AWS:SourceOwner\":\"103495720024\"}}}]}",
            "sqs_failure_feedback_role_arn": "",
            "sqs_success_feedback_role_arn": "",
            "sqs_success_feedback_sample_rate": 0,
            "tags": {}
          },
          "private": "bnVsbA=="
        }
      ]
    },
    {
      "mode": "managed",
      "type": "aws_sns_topic",
      "name": "euw2_sns_topics",
      "each": "list",
      "provider": "provider.aws.eu-west-2",
      "instances": [
        {
          "index_key": 0,
          "schema_version": 0,
          "attributes": {
            "application_failure_feedback_role_arn": "",
            "application_success_feedback_role_arn": "",
            "application_success_feedback_sample_rate": 0,
            "arn": "arn:aws:sns:eu-west-2:103495720024:health_monitoring_lambda",
            "delivery_policy": "",
            "display_name": "",
            "http_failure_feedback_role_arn": "",
            "http_success_feedback_role_arn": "",
            "http_success_feedback_sample_rate": 0,
            "id": "arn:aws:sns:eu-west-2:103495720024:health_monitoring_lambda",
            "kms_master_key_id": "",
            "lambda_failure_feedback_role_arn": "",
            "lambda_success_feedback_role_arn": "",
            "lambda_success_feedback_sample_rate": 0,
            "name": "health_monitoring_lambda",
            "name_prefix": null,
            "policy": "{\"Version\":\"2008-10-17\",\"Id\":\"__default_policy_ID\",\"Statement\":[{\"Sid\":\"__default_statement_ID\",\"Effect\":\"Allow\",\"Principal\":{\"AWS\":\"*\"},\"Action\":[\"SNS:GetTopicAttributes\",\"SNS:SetTopicAttributes\",\"SNS:AddPermission\",\"SNS:RemovePermission\",\"SNS:DeleteTopic\",\"SNS:Subscribe\",\"SNS:ListSubscriptionsByTopic\",\"SNS:Publish\",\"SNS:Receive\"],\"Resource\":\"arn:aws:sns:eu-west-2:103495720024:health_monitoring_lambda\",\"Condition\":{\"StringEquals\":{\"AWS:SourceOwner\":\"103495720024\"}}}]}",
            "sqs_failure_feedback_role_arn": "",
            "sqs_success_feedback_role_arn": "",
            "sqs_success_feedback_sample_rate": 0,
            "tags": {}
          },
          "private": "bnVsbA=="
        },
        {
          "index_key": 1,
          "schema_version": 0,
          "attributes": {
            "application_failure_feedback_role_arn": "",
            "application_success_feedback_role_arn": "",
            "application_success_feedback_sample_rate": 0,
            "arn": "arn:aws:sns:eu-west-2:103495720024:notify_slack_lambda",
            "delivery_policy": "",
            "display_name": "",
            "http_failure_feedback_role_arn": "",
            "http_success_feedback_role_arn": "",
            "http_success_feedback_sample_rate": 0,
            "id": "arn:aws:sns:eu-west-2:103495720024:notify_slack_lambda",
            "kms_master_key_id": "",
            "lambda_failure_feedback_role_arn": "",
            "lambda_success_feedback_role_arn": "",
            "lambda_success_feedback_sample_rate": 0,
            "name": "notify_slack_lambda",
            "name_prefix": null,
            "policy": "{\"Version\":\"2008-10-17\",\"Id\":\"__default_policy_ID\",\"Statement\":[{\"Sid\":\"__default_statement_ID\",\"Effect\":\"Allow\",\"Principal\":{\"AWS\":\"*\"},\"Action\":[\"SNS:GetTopicAttributes\",\"SNS:SetTopicAttributes\",\"SNS:AddPermission\",\"SNS:RemovePermission\",\"SNS:DeleteTopic\",\"SNS:Subscribe\",\"SNS:ListSubscriptionsByTopic\",\"SNS:Publish\",\"SNS:Receive\"],\"Resource\":\"arn:aws:sns:eu-west-2:103495720024:notify_slack_lambda\",\"Condition\":{\"StringEquals\":{\"AWS:SourceOwner\":\"103495720024\"}}}]}",
            "sqs_failure_feedback_role_arn": "",
            "sqs_success_feedback_role_arn": "",
            "sqs_success_feedback_sample_rate": 0,
            "tags": {}
          },
          "private": "bnVsbA=="
        },
        {
          "index_key": 2,
          "schema_version": 0,
          "attributes": {
            "application_failure_feedback_role_arn": "",
            "application_success_feedback_role_arn": "",
            "application_success_feedback_sample_rate": 0,
            "arn": "arn:aws:sns:eu-west-2:103495720024:notify_pagerduty_lambda",
            "delivery_policy": "",
            "display_name": "",
            "http_failure_feedback_role_arn": "",
            "http_success_feedback_role_arn": "",
            "http_success_feedback_sample_rate": 0,
            "id": "arn:aws:sns:eu-west-2:103495720024:notify_pagerduty_lambda",
            "kms_master_key_id": "",
            "lambda_failure_feedback_role_arn": "",
            "lambda_success_feedback_role_arn": "",
            "lambda_success_feedback_sample_rate": 0,
            "name": "notify_pagerduty_lambda",
            "name_prefix": null,
            "policy": "{\"Version\":\"2008-10-17\",\"Id\":\"__default_policy_ID\",\"Statement\":[{\"Sid\":\"__default_statement_ID\",\"Effect\":\"Allow\",\"Principal\":{\"AWS\":\"*\"},\"Action\":[\"SNS:GetTopicAttributes\",\"SNS:SetTopicAttributes\",\"SNS:AddPermission\",\"SNS:RemovePermission\",\"SNS:DeleteTopic\",\"SNS:Subscribe\",\"SNS:ListSubscriptionsByTopic\",\"SNS:Publish\",\"SNS:Receive\"],\"Resource\":\"arn:aws:sns:eu-west-2:103495720024:notify_pagerduty_lambda\",\"Condition\":{\"StringEquals\":{\"AWS:SourceOwner\":\"103495720024\"}}}]}",
            "sqs_failure_feedback_role_arn": "",
            "sqs_success_feedback_role_arn": "",
            "sqs_success_feedback_sample_rate": 0,
            "tags": {}
          },
          "private": "bnVsbA=="
        },
        {
          "index_key": 3,
          "schema_version": 0,
          "attributes": {
            "application_failure_feedback_role_arn": "",
            "application_success_feedback_role_arn": "",
            "application_success_feedback_sample_rate": 0,
            "arn": "arn:aws:sns:eu-west-2:103495720024:notify_dashboard_lambda",
            "delivery_policy": "",
            "display_name": "",
            "http_failure_feedback_role_arn": "",
            "http_success_feedback_role_arn": "",
            "http_success_feedback_sample_rate": 0,
            "id": "arn:aws:sns:eu-west-2:103495720024:notify_dashboard_lambda",
            "kms_master_key_id": "",
            "lambda_failure_feedback_role_arn": "",
            "lambda_success_feedback_role_arn": "",
            "lambda_success_feedback_sample_rate": 0,
            "name": "notify_dashboard_lambda",
            "name_prefix": null,
            "policy": "{\"Version\":\"2008-10-17\",\"Id\":\"__default_policy_ID\",\"Statement\":[{\"Sid\":\"__default_statement_ID\",\"Effect\":\"Allow\",\"Principal\":{\"AWS\":\"*\"},\"Action\":[\"SNS:GetTopicAttributes\",\"SNS:SetTopicAttributes\",\"SNS:AddPermission\",\"SNS:RemovePermission\",\"SNS:DeleteTopic\",\"SNS:Subscribe\",\"SNS:ListSubscriptionsByTopic\",\"SNS:Publish\",\"SNS:Receive\"],\"Resource\":\"arn:aws:sns:eu-west-2:103495720024:notify_dashboard_lambda\",\"Condition\":{\"StringEquals\":{\"AWS:SourceOwner\":\"103495720024\"}}}]}",
            "sqs_failure_feedback_role_arn": "",
            "sqs_success_feedback_role_arn": "",
            "sqs_success_feedback_sample_rate": 0,
            "tags": {}
          },
          "private": "bnVsbA=="
        }
      ]
    },
    {
      "mode": "managed",
      "type": "aws_sns_topic_subscription",
      "name": "health_monitor_euw2_sns_subscription",
      "provider": "provider.aws",
      "instances": [
        {
          "schema_version": 0,
          "attributes": {
            "arn": "arn:aws:sns:eu-west-2:103495720024:health_monitoring_lambda:6a75fff7-8d84-456c-82f4-038e73c2f336",
            "confirmation_timeout_in_minutes": 1,
            "delivery_policy": "",
            "endpoint": "arn:aws:lambda:eu-west-2:103495720024:function:health_monitor_lambda",
            "endpoint_auto_confirms": false,
            "filter_policy": "",
            "id": "arn:aws:sns:eu-west-2:103495720024:health_monitoring_lambda:6a75fff7-8d84-456c-82f4-038e73c2f336",
            "protocol": "lambda",
            "raw_message_delivery": false,
            "topic_arn": "arn:aws:sns:eu-west-2:103495720024:health_monitoring_lambda"
          },
          "private": "bnVsbA==",
          "dependencies": [
            "aws_lambda_function.health_monitor_lambda",
            "aws_sns_topic.euw2_sns_topics"
          ]
        }
      ]
    }
  ]
}
